
Microsoft Visual Studio Solution File, Format Version 12.00
# Visual Studio Version 16
VisualStudioVersion = 16.0.30011.22
MinimumVisualStudioVersion = 10.0.40219.1
Project("{FAE04EC0-301F-11D3-BF4B-00C04F79EFBC}") = "BingoCards.iOS", "BingoCards\BingoCards.iOS\BingoCards.iOS.csproj", "{FE6390FB-0DC2-4C68-8414-4A58F071FA83}"
EndProject
Project("{9A19103F-16F7-4668-BE54-9A1E7A4F7556}") = "BingoCards", "BingoCards\BingoCards\BingoCards.csproj", "{7A316DAB-A922-410A-A5DD-8A61A4E878AA}"
EndProject
Project("{FAE04EC0-301F-11D3-BF4B-00C04F79EFBC}") = "BingoCards.Android", "BingoCards\BingoCards.Android\BingoCards.Android.csproj", "{6027178D-C2FD-4B0F-9228-934A7F5ECA03}"
EndProject
Global
	GlobalSection(SolutionConfigurationPlatforms) = preSolution
		Debug|Any CPU = Debug|Any CPU
		Debug|iPhone = Debug|iPhone
		Debug|iPhoneSimulator = Debug|iPhoneSimulator
		Release|Any CPU = Release|Any CPU
		Release|iPhone = Release|iPhone
		Release|iPhoneSimulator = Release|iPhoneSimulator
	EndGlobalSection
	GlobalSection(ProjectConfigurationPlatforms) = postSolution
		{FE6390FB-0DC2-4C68-8414-4A58F071FA83}.Debug|Any CPU.ActiveCfg = Debug|iPhone
		{FE6390FB-0DC2-4C68-8414-4A58F071FA83}.Debug|Any CPU.Build.0 = Debug|iPhone
		{FE6390FB-0DC2-4C68-8414-4A58F071FA83}.Debug|Any CPU.Deploy.0 = Debug|iPhone
		{FE6390FB-0DC2-4C68-8414-4A58F071FA83}.Debug|iPhone.ActiveCfg = Debug|iPhone
		{FE6390FB-0DC2-4C68-8414-4A58F071FA83}.Debug|iPhone.Build.0 = Debug|iPhone
		{FE6390FB-0DC2-4C68-8414-4A58F071FA83}.Debug|iPhone.Deploy.0 = Debug|iPhone
		{FE6390FB-0DC2-4C68-8414-4A58F071FA83}.Debug|iPhoneSimulator.ActiveCfg = Debug|iPhoneSimulator
		{FE6390FB-0DC2-4C68-8414-4A58F071FA83}.Debug|iPhoneSimulator.Build.0 = Debug|iPhoneSimulator
		{FE6390FB-0DC2-4C68-8414-4A58F071FA83}.Debug|iPhoneSimulator.Deploy.0 = Debug|iPhoneSimulator
		{FE6390FB-0DC2-4C68-8414-4A58F071FA83}.Release|Any CPU.ActiveCfg = Release|iPhone
		{FE6390FB-0DC2-4C68-8414-4A58F071FA83}.Release|Any CPU.Build.0 = Release|iPhone
		{FE6390FB-0DC2-4C68-8414-4A58F071FA83}.Release|Any CPU.Deploy.0 = Release|iPhone
		{FE6390FB-0DC2-4C68-8414-4A58F071FA83}.Release|iPhone.ActiveCfg = Release|iPhone
		{FE6390FB-0DC2-4C68-8414-4A58F071FA83}.Release|iPhone.Build.0 = Release|iPhone
		{FE6390FB-0DC2-4C68-8414-4A58F071FA83}.Release|iPhone.Deploy.0 = Release|iPhone
		{FE6390FB-0DC2-4C68-8414-4A58F071FA83}.Release|iPhoneSimulator.ActiveCfg = Release|iPhoneSimulator
		{FE6390FB-0DC2-4C68-8414-4A58F071FA83}.Release|iPhoneSimulator.Build.0 = Release|iPhoneSimulator
		{FE6390FB-0DC2-4C68-8414-4A58F071FA83}.Release|iPhoneSimulator.Deploy.0 = Release|iPhoneSimulator
		{7A316DAB-A922-410A-A5DD-8A61A4E878AA}.Debug|Any CPU.ActiveCfg = Debug|Any CPU
		{7A316DAB-A922-410A-A5DD-8A61A4E878AA}.Debug|Any CPU.Build.0 = Debug|Any CPU
		{7A316DAB-A922-410A-A5DD-8A61A4E878AA}.Debug|Any CPU.Deploy.0 = Debug|Any CPU
		{7A316DAB-A922-410A-A5DD-8A61A4E878AA}.Debug|iPhone.ActiveCfg = Debug|Any CPU
		{7A316DAB-A922-410A-A5DD-8A61A4E878AA}.Debug|iPhone.Build.0 = Debug|Any CPU
		{7A316DAB-A922-410A-A5DD-8A61A4E878AA}.Debug|iPhone.Deploy.0 = Debug|Any CPU
		{7A316DAB-A922-410A-A5DD-8A61A4E878AA}.Debug|iPhoneSimulator.ActiveCfg = Debug|Any CPU
		{7A316DAB-A922-410A-A5DD-8A61A4E878AA}.Debug|iPhoneSimulator.Build.0 = Debug|Any CPU
		{7A316DAB-A922-410A-A5DD-8A61A4E878AA}.Debug|iPhoneSimulator.Deploy.0 = Debug|Any CPU
		{7A316DAB-A922-410A-A5DD-8A61A4E878AA}.Release|Any CPU.ActiveCfg = Release|Any CPU
		{7A316DAB-A922-410A-A5DD-8A61A4E878AA}.Release|Any CPU.Build.0 = Release|Any CPU
		{7A316DAB-A922-410A-A5DD-8A61A4E878AA}.Release|Any CPU.Deploy.0 = Release|Any CPU
		{7A316DAB-A922-410A-A5DD-8A61A4E878AA}.Release|iPhone.ActiveCfg = Release|Any CPU
		{7A316DAB-A922-410A-A5DD-8A61A4E878AA}.Release|iPhone.Build.0 = Release|Any CPU
		{7A316DAB-A922-410A-A5DD-8A61A4E878AA}.Release|iPhone.Deploy.0 = Release|Any CPU
		{7A316DAB-A922-410A-A5DD-8A61A4E878AA}.Release|iPhoneSimulator.ActiveCfg = Release|Any CPU
		{7A316DAB-A922-410A-A5DD-8A61A4E878AA}.Release|iPhoneSimulator.Build.0 = Release|Any CPU
		{7A316DAB-A922-410A-A5DD-8A61A4E878AA}.Release|iPhoneSimulator.Deploy.0 = Release|Any CPU
		{6027178D-C2FD-4B0F-9228-934A7F5ECA03}.Debug|Any CPU.ActiveCfg = Debug|Any CPU
		{6027178D-C2FD-4B0F-9228-934A7F5ECA03}.Debug|Any CPU.Build.0 = Debug|Any CPU
		{6027178D-C2FD-4B0F-9228-934A7F5ECA03}.Debug|Any CPU.Deploy.0 = Debug|Any CPU
		{6027178D-C2FD-4B0F-9228-934A7F5ECA03}.Debug|iPhone.ActiveCfg = Debug|Any CPU
		{6027178D-C2FD-4B0F-9228-934A7F5ECA03}.Debug|iPhone.Build.0 = Debug|Any CPU
		{6027178D-C2FD-4B0F-9228-934A7F5ECA03}.Debug|iPhone.Deploy.0 = Debug|Any CPU
		{6027178D-C2FD-4B0F-9228-934A7F5ECA03}.Debug|iPhoneSimulator.ActiveCfg = Debug|Any CPU
		{6027178D-C2FD-4B0F-9228-934A7F5ECA03}.Debug|iPhoneSimulator.Build.0 = Debug|Any CPU
		{6027178D-C2FD-4B0F-9228-934A7F5ECA03}.Debug|iPhoneSimulator.Deploy.0 = Debug|Any CPU
		{6027178D-C2FD-4B0F-9228-934A7F5ECA03}.Release|Any CPU.ActiveCfg = Release|Any CPU
		{6027178D-C2FD-4B0F-9228-934A7F5ECA03}.Release|Any CPU.Build.0 = Release|Any CPU
		{6027178D-C2FD-4B0F-9228-934A7F5ECA03}.Release|Any CPU.Deploy.0 = Release|Any CPU
		{6027178D-C2FD-4B0F-9228-934A7F5ECA03}.Release|iPhone.ActiveCfg = Release|Any CPU
		{6027178D-C2FD-4B0F-9228-934A7F5ECA03}.Release|iPhone.Build.0 = Release|Any CPU
		{6027178D-C2FD-4B0F-9228-934A7F5ECA03}.Release|iPhone.Deploy.0 = Release|Any CPU
		{6027178D-C2FD-4B0F-9228-934A7F5ECA03}.Release|iPhoneSimulator.ActiveCfg = Release|Any CPU
		{6027178D-C2FD-4B0F-9228-934A7F5ECA03}.Release|iPhoneSimulator.Build.0 = Release|Any CPU
		{6027178D-C2FD-4B0F-9228-934A7F5ECA03}.Release|iPhoneSimulator.Deploy.0 = Release|Any CPU
	EndGlobalSection
	GlobalSection(SolutionProperties) = preSolution
		HideSolutionNode = FALSE
	EndGlobalSection
	GlobalSection(ExtensibilityGlobals) = postSolution
		SolutionGuid = {7A080B86-4E0E-440D-ACA1-6688835ECDA3}
	EndGlobalSection
EndGlobal
